
Microsoft Visual Studio Solution File, Format Version 12.00
# Visual Studio 14
VisualStudioVersion = 14.0.25420.1
MinimumVisualStudioVersion = 10.0.40219.1
Project("{FAE04EC0-301F-11D3-BF4B-00C04F79EFBC}") = "Assignment 8", "Assignment 8\Assignment 8.csproj", "{1AA675D1-F906-448E-91DB-A027B68B0927}"
EndProject
Project("{FAE04EC0-301F-11D3-BF4B-00C04F79EFBC}") = "DAL", "DAL\DAL.csproj", "{38DBEE82-EF69-4636-8101-8488A2B790EF}"
EndProject
Project("{FAE04EC0-301F-11D3-BF4B-00C04F79EFBC}") = "BAL", "BAL\BAL.csproj", "{05D52A3B-0F40-4567-B1CD-1DD7CCF6A03D}"
EndProject
Project("{FAE04EC0-301F-11D3-BF4B-00C04F79EFBC}") = "Entities", "Entities\Entities.csproj", "{4814BD98-18E7-4965-A923-BCB0D5DE16FF}"
EndProject
Project("{FAE04EC0-301F-11D3-BF4B-00C04F79EFBC}") = "PDFHelper", "PDFHelper\PDFHelper.csproj", "{14660A35-4F63-4637-943C-622F30BE4560}"
EndProject
Global
	GlobalSection(SolutionConfigurationPlatforms) = preSolution
		Debug|Any CPU = Debug|Any CPU
		Release|Any CPU = Release|Any CPU
	EndGlobalSection
	GlobalSection(ProjectConfigurationPlatforms) = postSolution
		{1AA675D1-F906-448E-91DB-A027B68B0927}.Debug|Any CPU.ActiveCfg = Debug|Any CPU
		{1AA675D1-F906-448E-91DB-A027B68B0927}.Debug|Any CPU.Build.0 = Debug|Any CPU
		{1AA675D1-F906-448E-91DB-A027B68B0927}.Release|Any CPU.ActiveCfg = Release|Any CPU
		{1AA675D1-F906-448E-91DB-A027B68B0927}.Release|Any CPU.Build.0 = Release|Any CPU
		{38DBEE82-EF69-4636-8101-8488A2B790EF}.Debug|Any CPU.ActiveCfg = Debug|Any CPU
		{38DBEE82-EF69-4636-8101-8488A2B790EF}.Debug|Any CPU.Build.0 = Debug|Any CPU
		{38DBEE82-EF69-4636-8101-8488A2B790EF}.Release|Any CPU.ActiveCfg = Release|Any CPU
		{38DBEE82-EF69-4636-8101-8488A2B790EF}.Release|Any CPU.Build.0 = Release|Any CPU
		{05D52A3B-0F40-4567-B1CD-1DD7CCF6A03D}.Debug|Any CPU.ActiveCfg = Debug|Any CPU
		{05D52A3B-0F40-4567-B1CD-1DD7CCF6A03D}.Debug|Any CPU.Build.0 = Debug|Any CPU
		{05D52A3B-0F40-4567-B1CD-1DD7CCF6A03D}.Release|Any CPU.ActiveCfg = Release|Any CPU
		{05D52A3B-0F40-4567-B1CD-1DD7CCF6A03D}.Release|Any CPU.Build.0 = Release|Any CPU
		{4814BD98-18E7-4965-A923-BCB0D5DE16FF}.Debug|Any CPU.ActiveCfg = Debug|Any CPU
		{4814BD98-18E7-4965-A923-BCB0D5DE16FF}.Debug|Any CPU.Build.0 = Debug|Any CPU
		{4814BD98-18E7-4965-A923-BCB0D5DE16FF}.Release|Any CPU.ActiveCfg = Release|Any CPU
		{4814BD98-18E7-4965-A923-BCB0D5DE16FF}.Release|Any CPU.Build.0 = Release|Any CPU
		{14660A35-4F63-4637-943C-622F30BE4560}.Debug|Any CPU.ActiveCfg = Debug|Any CPU
		{14660A35-4F63-4637-943C-622F30BE4560}.Debug|Any CPU.Build.0 = Debug|Any CPU
		{14660A35-4F63-4637-943C-622F30BE4560}.Release|Any CPU.ActiveCfg = Release|Any CPU
		{14660A35-4F63-4637-943C-622F30BE4560}.Release|Any CPU.Build.0 = Release|Any CPU
	EndGlobalSection
	GlobalSection(SolutionProperties) = preSolution
		HideSolutionNode = FALSE
	EndGlobalSection
EndGlobal
